
Microsoft Visual Studio Solution File, Format Version 12.00
# Visual Studio Version 17
VisualStudioVersion = 17.7.34009.444
MinimumVisualStudioVersion = 10.0.40219.1
Project("{FAE04EC0-301F-11D3-BF4B-00C04F79EFBC}") = "UzduotisPapildoma_FOR", "UzduotisPapildoma_FOR\UzduotisPapildoma_FOR.csproj", "{3D3E5255-1C59-4CA9-BE5F-E4FCFF47AF1C}"
EndProject
Global
	GlobalSection(SolutionConfigurationPlatforms) = preSolution
		Debug|Any CPU = Debug|Any CPU
		Release|Any CPU = Release|Any CPU
	EndGlobalSection
	GlobalSection(ProjectConfigurationPlatforms) = postSolution
		{3D3E5255-1C59-4CA9-BE5F-E4FCFF47AF1C}.Debug|Any CPU.ActiveCfg = Debug|Any CPU
		{3D3E5255-1C59-4CA9-BE5F-E4FCFF47AF1C}.Debug|Any CPU.Build.0 = Debug|Any CPU
		{3D3E5255-1C59-4CA9-BE5F-E4FCFF47AF1C}.Release|Any CPU.ActiveCfg = Release|Any CPU
		{3D3E5255-1C59-4CA9-BE5F-E4FCFF47AF1C}.Release|Any CPU.Build.0 = Release|Any CPU
	EndGlobalSection
	GlobalSection(SolutionProperties) = preSolution
		HideSolutionNode = FALSE
	EndGlobalSection
	GlobalSection(ExtensibilityGlobals) = postSolution
		SolutionGuid = {46CA9374-6E4F-4642-9683-1C9D48373ED4}
	EndGlobalSection
EndGlobal
